
Microsoft Visual Studio Solution File, Format Version 12.00
# Visual Studio Version 16
Project("{8BC9CEB8-8B4A-11D0-8D11-00A0C91BC942}") = "ALL_BUILD", "ALL_BUILD.vcxproj", "{2AE479B1-26D6-35D6-8442-1CFDE835624D}"
	ProjectSection(ProjectDependencies) = postProject
		{C66D197F-E293-31CA-8D9D-58B21C77199E} = {C66D197F-E293-31CA-8D9D-58B21C77199E}
		{105139B8-C211-3492-BBF2-2569AECD7853} = {105139B8-C211-3492-BBF2-2569AECD7853}
		{DEEF30B0-0A15-3114-AC74-C65FC518BE67} = {DEEF30B0-0A15-3114-AC74-C65FC518BE67}
		{13548D3B-60FD-3AF7-9122-22D2EA397B1B} = {13548D3B-60FD-3AF7-9122-22D2EA397B1B}
		{05B05871-C47B-3438-ADF3-C8DE79E8C5E5} = {05B05871-C47B-3438-ADF3-C8DE79E8C5E5}
	EndProjectSection
EndProject
Project("{8BC9CEB8-8B4A-11D0-8D11-00A0C91BC942}") = "INSTALL", "INSTALL.vcxproj", "{56ACC0E9-53E1-372C-980A-B3131D700078}"
	ProjectSection(ProjectDependencies) = postProject
		{2AE479B1-26D6-35D6-8442-1CFDE835624D} = {2AE479B1-26D6-35D6-8442-1CFDE835624D}
		{C66D197F-E293-31CA-8D9D-58B21C77199E} = {C66D197F-E293-31CA-8D9D-58B21C77199E}
	EndProjectSection
EndProject
Project("{8BC9CEB8-8B4A-11D0-8D11-00A0C91BC942}") = "ZERO_CHECK", "ZERO_CHECK.vcxproj", "{C66D197F-E293-31CA-8D9D-58B21C77199E}"
	ProjectSection(ProjectDependencies) = postProject
	EndProjectSection
EndProject
Project("{8BC9CEB8-8B4A-11D0-8D11-00A0C91BC942}") = "yaml-cpp", "yaml-cpp.vcxproj", "{105139B8-C211-3492-BBF2-2569AECD7853}"
	ProjectSection(ProjectDependencies) = postProject
		{C66D197F-E293-31CA-8D9D-58B21C77199E} = {C66D197F-E293-31CA-8D9D-58B21C77199E}
	EndProjectSection
EndProject
Project("{8BC9CEB8-8B4A-11D0-8D11-00A0C91BC942}") = "yaml-cpp-parse", "util\yaml-cpp-parse.vcxproj", "{DEEF30B0-0A15-3114-AC74-C65FC518BE67}"
	ProjectSection(ProjectDependencies) = postProject
		{C66D197F-E293-31CA-8D9D-58B21C77199E} = {C66D197F-E293-31CA-8D9D-58B21C77199E}
		{105139B8-C211-3492-BBF2-2569AECD7853} = {105139B8-C211-3492-BBF2-2569AECD7853}
	EndProjectSection
EndProject
Project("{8BC9CEB8-8B4A-11D0-8D11-00A0C91BC942}") = "yaml-cpp-read", "util\yaml-cpp-read.vcxproj", "{13548D3B-60FD-3AF7-9122-22D2EA397B1B}"
	ProjectSection(ProjectDependencies) = postProject
		{C66D197F-E293-31CA-8D9D-58B21C77199E} = {C66D197F-E293-31CA-8D9D-58B21C77199E}
		{105139B8-C211-3492-BBF2-2569AECD7853} = {105139B8-C211-3492-BBF2-2569AECD7853}
	EndProjectSection
EndProject
Project("{8BC9CEB8-8B4A-11D0-8D11-00A0C91BC942}") = "yaml-cpp-sandbox", "util\yaml-cpp-sandbox.vcxproj", "{05B05871-C47B-3438-ADF3-C8DE79E8C5E5}"
	ProjectSection(ProjectDependencies) = postProject
		{C66D197F-E293-31CA-8D9D-58B21C77199E} = {C66D197F-E293-31CA-8D9D-58B21C77199E}
		{105139B8-C211-3492-BBF2-2569AECD7853} = {105139B8-C211-3492-BBF2-2569AECD7853}
	EndProjectSection
EndProject
Global
	GlobalSection(SolutionConfigurationPlatforms) = preSolution
		Debug|x64 = Debug|x64
		Release|x64 = Release|x64
		MinSizeRel|x64 = MinSizeRel|x64
		RelWithDebInfo|x64 = RelWithDebInfo|x64
	EndGlobalSection
	GlobalSection(ProjectConfigurationPlatforms) = postSolution
		{2AE479B1-26D6-35D6-8442-1CFDE835624D}.Debug|x64.ActiveCfg = Debug|x64
		{2AE479B1-26D6-35D6-8442-1CFDE835624D}.Debug|x64.Build.0 = Debug|x64
		{2AE479B1-26D6-35D6-8442-1CFDE835624D}.Release|x64.ActiveCfg = Release|x64
		{2AE479B1-26D6-35D6-8442-1CFDE835624D}.Release|x64.Build.0 = Release|x64
		{2AE479B1-26D6-35D6-8442-1CFDE835624D}.MinSizeRel|x64.ActiveCfg = MinSizeRel|x64
		{2AE479B1-26D6-35D6-8442-1CFDE835624D}.MinSizeRel|x64.Build.0 = MinSizeRel|x64
		{2AE479B1-26D6-35D6-8442-1CFDE835624D}.RelWithDebInfo|x64.ActiveCfg = RelWithDebInfo|x64
		{2AE479B1-26D6-35D6-8442-1CFDE835624D}.RelWithDebInfo|x64.Build.0 = RelWithDebInfo|x64
		{56ACC0E9-53E1-372C-980A-B3131D700078}.Debug|x64.ActiveCfg = Debug|x64
		{56ACC0E9-53E1-372C-980A-B3131D700078}.Release|x64.ActiveCfg = Release|x64
		{56ACC0E9-53E1-372C-980A-B3131D700078}.MinSizeRel|x64.ActiveCfg = MinSizeRel|x64
		{56ACC0E9-53E1-372C-980A-B3131D700078}.RelWithDebInfo|x64.ActiveCfg = RelWithDebInfo|x64
		{C66D197F-E293-31CA-8D9D-58B21C77199E}.Debug|x64.ActiveCfg = Debug|x64
		{C66D197F-E293-31CA-8D9D-58B21C77199E}.Debug|x64.Build.0 = Debug|x64
		{C66D197F-E293-31CA-8D9D-58B21C77199E}.Release|x64.ActiveCfg = Release|x64
		{C66D197F-E293-31CA-8D9D-58B21C77199E}.Release|x64.Build.0 = Release|x64
		{C66D197F-E293-31CA-8D9D-58B21C77199E}.MinSizeRel|x64.ActiveCfg = MinSizeRel|x64
		{C66D197F-E293-31CA-8D9D-58B21C77199E}.MinSizeRel|x64.Build.0 = MinSizeRel|x64
		{C66D197F-E293-31CA-8D9D-58B21C77199E}.RelWithDebInfo|x64.ActiveCfg = RelWithDebInfo|x64
		{C66D197F-E293-31CA-8D9D-58B21C77199E}.RelWithDebInfo|x64.Build.0 = RelWithDebInfo|x64
		{105139B8-C211-3492-BBF2-2569AECD7853}.Debug|x64.ActiveCfg = Debug|x64
		{105139B8-C211-3492-BBF2-2569AECD7853}.Debug|x64.Build.0 = Debug|x64
		{105139B8-C211-3492-BBF2-2569AECD7853}.Release|x64.ActiveCfg = Release|x64
		{105139B8-C211-3492-BBF2-2569AECD7853}.Release|x64.Build.0 = Release|x64
		{105139B8-C211-3492-BBF2-2569AECD7853}.MinSizeRel|x64.ActiveCfg = MinSizeRel|x64
		{105139B8-C211-3492-BBF2-2569AECD7853}.MinSizeRel|x64.Build.0 = MinSizeRel|x64
		{105139B8-C211-3492-BBF2-2569AECD7853}.RelWithDebInfo|x64.ActiveCfg = RelWithDebInfo|x64
		{105139B8-C211-3492-BBF2-2569AECD7853}.RelWithDebInfo|x64.Build.0 = RelWithDebInfo|x64
		{DEEF30B0-0A15-3114-AC74-C65FC518BE67}.Debug|x64.ActiveCfg = Debug|x64
		{DEEF30B0-0A15-3114-AC74-C65FC518BE67}.Debug|x64.Build.0 = Debug|x64
		{DEEF30B0-0A15-3114-AC74-C65FC518BE67}.Release|x64.ActiveCfg = Release|x64
		{DEEF30B0-0A15-3114-AC74-C65FC518BE67}.Release|x64.Build.0 = Release|x64
		{DEEF30B0-0A15-3114-AC74-C65FC518BE67}.MinSizeRel|x64.ActiveCfg = MinSizeRel|x64
		{DEEF30B0-0A15-3114-AC74-C65FC518BE67}.MinSizeRel|x64.Build.0 = MinSizeRel|x64
		{DEEF30B0-0A15-3114-AC74-C65FC518BE67}.RelWithDebInfo|x64.ActiveCfg = RelWithDebInfo|x64
		{DEEF30B0-0A15-3114-AC74-C65FC518BE67}.RelWithDebInfo|x64.Build.0 = RelWithDebInfo|x64
		{13548D3B-60FD-3AF7-9122-22D2EA397B1B}.Debug|x64.ActiveCfg = Debug|x64
		{13548D3B-60FD-3AF7-9122-22D2EA397B1B}.Debug|x64.Build.0 = Debug|x64
		{13548D3B-60FD-3AF7-9122-22D2EA397B1B}.Release|x64.ActiveCfg = Release|x64
		{13548D3B-60FD-3AF7-9122-22D2EA397B1B}.Release|x64.Build.0 = Release|x64
		{13548D3B-60FD-3AF7-9122-22D2EA397B1B}.MinSizeRel|x64.ActiveCfg = MinSizeRel|x64
		{13548D3B-60FD-3AF7-9122-22D2EA397B1B}.MinSizeRel|x64.Build.0 = MinSizeRel|x64
		{13548D3B-60FD-3AF7-9122-22D2EA397B1B}.RelWithDebInfo|x64.ActiveCfg = RelWithDebInfo|x64
		{13548D3B-60FD-3AF7-9122-22D2EA397B1B}.RelWithDebInfo|x64.Build.0 = RelWithDebInfo|x64
		{05B05871-C47B-3438-ADF3-C8DE79E8C5E5}.Debug|x64.ActiveCfg = Debug|x64
		{05B05871-C47B-3438-ADF3-C8DE79E8C5E5}.Debug|x64.Build.0 = Debug|x64
		{05B05871-C47B-3438-ADF3-C8DE79E8C5E5}.Release|x64.ActiveCfg = Release|x64
		{05B05871-C47B-3438-ADF3-C8DE79E8C5E5}.Release|x64.Build.0 = Release|x64
		{05B05871-C47B-3438-ADF3-C8DE79E8C5E5}.MinSizeRel|x64.ActiveCfg = MinSizeRel|x64
		{05B05871-C47B-3438-ADF3-C8DE79E8C5E5}.MinSizeRel|x64.Build.0 = MinSizeRel|x64
		{05B05871-C47B-3438-ADF3-C8DE79E8C5E5}.RelWithDebInfo|x64.ActiveCfg = RelWithDebInfo|x64
		{05B05871-C47B-3438-ADF3-C8DE79E8C5E5}.RelWithDebInfo|x64.Build.0 = RelWithDebInfo|x64
	EndGlobalSection
	GlobalSection(ExtensibilityGlobals) = postSolution
		SolutionGuid = {D6DE261C-A8BF-307A-B84E-31F2A41F48BF}
	EndGlobalSection
	GlobalSection(ExtensibilityAddIns) = postSolution
	EndGlobalSection
EndGlobal
